// !$*UTF8*$!
{
	archiveVersion = 1;
	classes = {
	};
	objectVersion = 51;
	objects = {

/* Begin PBXBuildFile section */
		1194BB124117344A894E07E2 /* Pods_Pasco_PascoUITests.framework in Frameworks */ = {isa = PBXBuildFile; fileRef = D64BEAA74702C39D3B1D0C29 /* Pods_Pasco_PascoUITests.framework */; };
		1729B68425A55C4D03534343 /* Pods_Pasco.framework in Frameworks */ = {isa = PBXBuildFile; fileRef = 2AAF99A3456B7CD6FC9DBA82 /* Pods_Pasco.framework */; };
		5DA59B0F53AEB528910703F2 /* Pods_PascoTests.framework in Frameworks */ = {isa = PBXBuildFile; fileRef = 80CCF113ED35AA5982C89907 /* Pods_PascoTests.framework */; };
		9210BA6E2440276500F92204 /* notes_Pasco.txt in Resources */ = {isa = PBXBuildFile; fileRef = 9210BA6D2440276500F92204 /* notes_Pasco.txt */; };
		9210BA7024402FC000F92204 /* QuestionsViewController.swift in Sources */ = {isa = PBXBuildFile; fileRef = 9210BA6F24402FC000F92204 /* QuestionsViewController.swift */; };
		9210BA742440301F00F92204 /* AccountViewController.swift in Sources */ = {isa = PBXBuildFile; fileRef = 9210BA732440301F00F92204 /* AccountViewController.swift */; };
		9210BA7824403C7200F92204 /* Constants.swift in Sources */ = {isa = PBXBuildFile; fileRef = 9210BA7724403C7200F92204 /* Constants.swift */; };
		9210F8C62415DD3200682574 /* AppDelegate.swift in Sources */ = {isa = PBXBuildFile; fileRef = 9210F8C52415DD3200682574 /* AppDelegate.swift */; };
		9210F8C82415DD3200682574 /* SceneDelegate.swift in Sources */ = {isa = PBXBuildFile; fileRef = 9210F8C72415DD3200682574 /* SceneDelegate.swift */; };
		9210F8CD2415DD3200682574 /* Main.storyboard in Resources */ = {isa = PBXBuildFile; fileRef = 9210F8CB2415DD3200682574 /* Main.storyboard */; };
		9210F8D02415DD3200682574 /* Pasco.xcdatamodeld in Sources */ = {isa = PBXBuildFile; fileRef = 9210F8CE2415DD3200682574 /* Pasco.xcdatamodeld */; };
		9210F8D22415DD3300682574 /* Assets.xcassets in Resources */ = {isa = PBXBuildFile; fileRef = 9210F8D12415DD3300682574 /* Assets.xcassets */; };
		9210F8D52415DD3300682574 /* LaunchScreen.storyboard in Resources */ = {isa = PBXBuildFile; fileRef = 9210F8D32415DD3300682574 /* LaunchScreen.storyboard */; };
		9210F8E02415DD3300682574 /* PascoTests.swift in Sources */ = {isa = PBXBuildFile; fileRef = 9210F8DF2415DD3300682574 /* PascoTests.swift */; };
		9210F8EB2415DD3300682574 /* PascoUITests.swift in Sources */ = {isa = PBXBuildFile; fileRef = 9210F8EA2415DD3300682574 /* PascoUITests.swift */; };
		9210F8F92415E30D00682574 /* GoogleService-Info.plist in Resources */ = {isa = PBXBuildFile; fileRef = 9210F8F82415E30D00682574 /* GoogleService-Info.plist */; };
		92133B6D25017C8A008A8FE4 /* Extensions.swift in Sources */ = {isa = PBXBuildFile; fileRef = 92133B6C25017C8A008A8FE4 /* Extensions.swift */; };
		92133B702502C03C008A8FE4 /* GradesViewController.swift in Sources */ = {isa = PBXBuildFile; fileRef = 92133B6F2502C03C008A8FE4 /* GradesViewController.swift */; };
		92133B7325080890008A8FE4 /* QuestionsMenuViewController.swift in Sources */ = {isa = PBXBuildFile; fileRef = 92133B7225080890008A8FE4 /* QuestionsMenuViewController.swift */; };
		92133B7925080F9C008A8FE4 /* QuesstionYearTableViewCell.swift in Sources */ = {isa = PBXBuildFile; fileRef = 92133B7825080F9B008A8FE4 /* QuesstionYearTableViewCell.swift */; };
		92133B7B2509674B008A8FE4 /* QuestionsExamTableViewCell.swift in Sources */ = {isa = PBXBuildFile; fileRef = 92133B7A2509674B008A8FE4 /* QuestionsExamTableViewCell.swift */; };
		92133B7D2509676E008A8FE4 /* QuestionsSubjectTableViewCell.swift in Sources */ = {isa = PBXBuildFile; fileRef = 92133B7C2509676E008A8FE4 /* QuestionsSubjectTableViewCell.swift */; };
		9229A68B2441788600E86DA5 /* CSVUploaderViewController.swift in Sources */ = {isa = PBXBuildFile; fileRef = 9229A68A2441788600E86DA5 /* CSVUploaderViewController.swift */; };
		9237456C24BBAA6200A4A270 /* TabBarVC.swift in Sources */ = {isa = PBXBuildFile; fileRef = 9237456B24BBAA6200A4A270 /* TabBarVC.swift */; };
		92609D1724DE5216007E7B42 /* TestStartTableViewCell.swift in Sources */ = {isa = PBXBuildFile; fileRef = 92609D1624DE5216007E7B42 /* TestStartTableViewCell.swift */; };
		92609D1924DF771D007E7B42 /* TestExamTableViewCell.swift in Sources */ = {isa = PBXBuildFile; fileRef = 92609D1824DF771D007E7B42 /* TestExamTableViewCell.swift */; };
		9263096724AE7F9E00E46509 /* Utilities.swift in Sources */ = {isa = PBXBuildFile; fileRef = 9263096624AE7F9E00E46509 /* Utilities.swift */; };
		92688F5B2507451700405317 /* HelpViewController.swift in Sources */ = {isa = PBXBuildFile; fileRef = 92688F5A2507451700405317 /* HelpViewController.swift */; };
		92688F5F25088BD100405317 /* Questions1ViewController.swift in Sources */ = {isa = PBXBuildFile; fileRef = 92688F5E25088BD100405317 /* Questions1ViewController.swift */; };
		926D7528249FD71C00F4EBEE /* LogInViewController.swift in Sources */ = {isa = PBXBuildFile; fileRef = 926D7527249FD71C00F4EBEE /* LogInViewController.swift */; };
		926D752A249FDBB400F4EBEE /* AccountCheckViewController.swift in Sources */ = {isa = PBXBuildFile; fileRef = 926D7529249FDBB400F4EBEE /* AccountCheckViewController.swift */; };
		92728E5824DE15490048CB95 /* TestMenuViewController.swift in Sources */ = {isa = PBXBuildFile; fileRef = 92728E5724DE15490048CB95 /* TestMenuViewController.swift */; };
		92769C242501E37000261A54 /* Grade.swift in Sources */ = {isa = PBXBuildFile; fileRef = 92769C232501E37000261A54 /* Grade.swift */; };
		92769C262504953E00261A54 /* ExamTableViewCell.swift in Sources */ = {isa = PBXBuildFile; fileRef = 92769C252504953E00261A54 /* ExamTableViewCell.swift */; };
		92A77F1624DF9CF900C63A1D /* TestSubjectTableViewCell.swift in Sources */ = {isa = PBXBuildFile; fileRef = 92A77F1524DF9CF900C63A1D /* TestSubjectTableViewCell.swift */; };
		92A77F1824DF9D7E00C63A1D /* TestYearTableViewCell.swift in Sources */ = {isa = PBXBuildFile; fileRef = 92A77F1724DF9D7E00C63A1D /* TestYearTableViewCell.swift */; };
		92A77F1C24E76E1C00C63A1D /* TestQuestionTableViewCell.swift in Sources */ = {isa = PBXBuildFile; fileRef = 92A77F1B24E76E1C00C63A1D /* TestQuestionTableViewCell.swift */; };
		92A77F1E24E76E4100C63A1D /* TestOptionTableViewCell.swift in Sources */ = {isa = PBXBuildFile; fileRef = 92A77F1D24E76E4100C63A1D /* TestOptionTableViewCell.swift */; };
		92A77F2024E76E9D00C63A1D /* TestPrevNextTableViewCell.swift in Sources */ = {isa = PBXBuildFile; fileRef = 92A77F1F24E76E9D00C63A1D /* TestPrevNextTableViewCell.swift */; };
		92A77F2224E7719000C63A1D /* Test.swift in Sources */ = {isa = PBXBuildFile; fileRef = 92A77F2124E7719000C63A1D /* Test.swift */; };
		92C7EF96249F13BB00E2BFA4 /* DesignableView.swift in Sources */ = {isa = PBXBuildFile; fileRef = 92C7EF94249F13BA00E2BFA4 /* DesignableView.swift */; };
		92C7EF97249F13BC00E2BFA4 /* DesignableButton.swift in Sources */ = {isa = PBXBuildFile; fileRef = 92C7EF95249F13BB00E2BFA4 /* DesignableButton.swift */; };
		92C8132224E4DC600095C8DB /* TestViewController.swift in Sources */ = {isa = PBXBuildFile; fileRef = 92C8132124E4DC600095C8DB /* TestViewController.swift */; };
		92CFCBF924A1538D00912CC1 /* ScaleSegue.swift in Sources */ = {isa = PBXBuildFile; fileRef = 92CFCBF824A1538D00912CC1 /* ScaleSegue.swift */; };
		92CFCBFB24A17BAB00912CC1 /* RegisterViewController.swift in Sources */ = {isa = PBXBuildFile; fileRef = 92CFCBFA24A17BAB00912CC1 /* RegisterViewController.swift */; };
		92CFCBFE24A2C03500912CC1 /* User.swift in Sources */ = {isa = PBXBuildFile; fileRef = 92CFCBFD24A2C03500912CC1 /* User.swift */; };
		92E57AF1246A0A3300BC4C90 /* Question.swift in Sources */ = {isa = PBXBuildFile; fileRef = 92E57AF0246A0A3300BC4C90 /* Question.swift */; };
		92E57AF3246A3EF600BC4C90 /* SelectionTableViewCell.swift in Sources */ = {isa = PBXBuildFile; fileRef = 92E57AF2246A3EF600BC4C90 /* SelectionTableViewCell.swift */; };
		92F0564924953417009B3900 /* QuestionTableViewCell.swift in Sources */ = {isa = PBXBuildFile; fileRef = 92F0564824953417009B3900 /* QuestionTableViewCell.swift */; };
/* End PBXBuildFile section */

/* Begin PBXContainerItemProxy section */
		9210F8DC2415DD3300682574 /* PBXContainerItemProxy */ = {
			isa = PBXContainerItemProxy;
			containerPortal = 9210F8BA2415DD3200682574 /* Project object */;
			proxyType = 1;
			remoteGlobalIDString = 9210F8C12415DD3200682574;
			remoteInfo = Pasco;
		};
		9210F8E72415DD3300682574 /* PBXContainerItemProxy */ = {
			isa = PBXContainerItemProxy;
			containerPortal = 9210F8BA2415DD3200682574 /* Project object */;
			proxyType = 1;
			remoteGlobalIDString = 9210F8C12415DD3200682574;
			remoteInfo = Pasco;
		};
/* End PBXContainerItemProxy section */

/* Begin PBXFileReference section */
		215CA81E1A687047DC1802F7 /* Pods-Pasco-PascoUITests.debug.xcconfig */ = {isa = PBXFileReference; includeInIndex = 1; lastKnownFileType = text.xcconfig; name = "Pods-Pasco-PascoUITests.debug.xcconfig"; path = "Target Support Files/Pods-Pasco-PascoUITests/Pods-Pasco-PascoUITests.debug.xcconfig"; sourceTree = "<group>"; };
		2AAF99A3456B7CD6FC9DBA82 /* Pods_Pasco.framework */ = {isa = PBXFileReference; explicitFileType = wrapper.framework; includeInIndex = 0; path = Pods_Pasco.framework; sourceTree = BUILT_PRODUCTS_DIR; };
		2B418731F50ACCE489603F70 /* Pods-PascoTests.release.xcconfig */ = {isa = PBXFileReference; includeInIndex = 1; lastKnownFileType = text.xcconfig; name = "Pods-PascoTests.release.xcconfig"; path = "Target Support Files/Pods-PascoTests/Pods-PascoTests.release.xcconfig"; sourceTree = "<group>"; };
		4DDCEED1434DA0789F8AE35C /* Pods-Pasco-PascoUITests.release.xcconfig */ = {isa = PBXFileReference; includeInIndex = 1; lastKnownFileType = text.xcconfig; name = "Pods-Pasco-PascoUITests.release.xcconfig"; path = "Target Support Files/Pods-Pasco-PascoUITests/Pods-Pasco-PascoUITests.release.xcconfig"; sourceTree = "<group>"; };
		5101567EE0DFA09BE78517CF /* Pods-Pasco.debug.xcconfig */ = {isa = PBXFileReference; includeInIndex = 1; lastKnownFileType = text.xcconfig; name = "Pods-Pasco.debug.xcconfig"; path = "Target Support Files/Pods-Pasco/Pods-Pasco.debug.xcconfig"; sourceTree = "<group>"; };
		80CCF113ED35AA5982C89907 /* Pods_PascoTests.framework */ = {isa = PBXFileReference; explicitFileType = wrapper.framework; includeInIndex = 0; path = Pods_PascoTests.framework; sourceTree = BUILT_PRODUCTS_DIR; };
		8F59F48459994B61602CCE79 /* Pods-PascoTests.debug.xcconfig */ = {isa = PBXFileReference; includeInIndex = 1; lastKnownFileType = text.xcconfig; name = "Pods-PascoTests.debug.xcconfig"; path = "Target Support Files/Pods-PascoTests/Pods-PascoTests.debug.xcconfig"; sourceTree = "<group>"; };
		9210BA6D2440276500F92204 /* notes_Pasco.txt */ = {isa = PBXFileReference; fileEncoding = 4; lastKnownFileType = text; path = notes_Pasco.txt; sourceTree = "<group>"; };
		9210BA6F24402FC000F92204 /* QuestionsViewController.swift */ = {isa = PBXFileReference; lastKnownFileType = sourcecode.swift; path = QuestionsViewController.swift; sourceTree = "<group>"; };
		9210BA732440301F00F92204 /* AccountViewController.swift */ = {isa = PBXFileReference; lastKnownFileType = sourcecode.swift; path = AccountViewController.swift; sourceTree = "<group>"; };
		9210BA7724403C7200F92204 /* Constants.swift */ = {isa = PBXFileReference; lastKnownFileType = sourcecode.swift; path = Constants.swift; sourceTree = "<group>"; };
		9210F8C22415DD3200682574 /* Pasco.app */ = {isa = PBXFileReference; explicitFileType = wrapper.application; includeInIndex = 0; path = Pasco.app; sourceTree = BUILT_PRODUCTS_DIR; };
		9210F8C52415DD3200682574 /* AppDelegate.swift */ = {isa = PBXFileReference; lastKnownFileType = sourcecode.swift; path = AppDelegate.swift; sourceTree = "<group>"; };
		9210F8C72415DD3200682574 /* SceneDelegate.swift */ = {isa = PBXFileReference; lastKnownFileType = sourcecode.swift; path = SceneDelegate.swift; sourceTree = "<group>"; };
		9210F8CC2415DD3200682574 /* Base */ = {isa = PBXFileReference; lastKnownFileType = file.storyboard; name = Base; path = Base.lproj/Main.storyboard; sourceTree = "<group>"; };
		9210F8CF2415DD3200682574 /* Pasco.xcdatamodel */ = {isa = PBXFileReference; lastKnownFileType = wrapper.xcdatamodel; path = Pasco.xcdatamodel; sourceTree = "<group>"; };
		9210F8D12415DD3300682574 /* Assets.xcassets */ = {isa = PBXFileReference; lastKnownFileType = folder.assetcatalog; path = Assets.xcassets; sourceTree = "<group>"; };
		9210F8D42415DD3300682574 /* Base */ = {isa = PBXFileReference; lastKnownFileType = file.storyboard; name = Base; path = Base.lproj/LaunchScreen.storyboard; sourceTree = "<group>"; };
		9210F8D62415DD3300682574 /* Info.plist */ = {isa = PBXFileReference; lastKnownFileType = text.plist.xml; path = Info.plist; sourceTree = "<group>"; };
		9210F8DB2415DD3300682574 /* PascoTests.xctest */ = {isa = PBXFileReference; explicitFileType = wrapper.cfbundle; includeInIndex = 0; path = PascoTests.xctest; sourceTree = BUILT_PRODUCTS_DIR; };
		9210F8DF2415DD3300682574 /* PascoTests.swift */ = {isa = PBXFileReference; lastKnownFileType = sourcecode.swift; path = PascoTests.swift; sourceTree = "<group>"; };
		9210F8E12415DD3300682574 /* Info.plist */ = {isa = PBXFileReference; lastKnownFileType = text.plist.xml; path = Info.plist; sourceTree = "<group>"; };
		9210F8E62415DD3300682574 /* PascoUITests.xctest */ = {isa = PBXFileReference; explicitFileType = wrapper.cfbundle; includeInIndex = 0; path = PascoUITests.xctest; sourceTree = BUILT_PRODUCTS_DIR; };
		9210F8EA2415DD3300682574 /* PascoUITests.swift */ = {isa = PBXFileReference; lastKnownFileType = sourcecode.swift; path = PascoUITests.swift; sourceTree = "<group>"; };
		9210F8EC2415DD3300682574 /* Info.plist */ = {isa = PBXFileReference; lastKnownFileType = text.plist.xml; path = Info.plist; sourceTree = "<group>"; };
		9210F8F82415E30D00682574 /* GoogleService-Info.plist */ = {isa = PBXFileReference; fileEncoding = 4; lastKnownFileType = text.plist.xml; path = "GoogleService-Info.plist"; sourceTree = "<group>"; };
		92133B6C25017C8A008A8FE4 /* Extensions.swift */ = {isa = PBXFileReference; lastKnownFileType = sourcecode.swift; path = Extensions.swift; sourceTree = "<group>"; };
		92133B6F2502C03C008A8FE4 /* GradesViewController.swift */ = {isa = PBXFileReference; lastKnownFileType = sourcecode.swift; path = GradesViewController.swift; sourceTree = "<group>"; };
		92133B7225080890008A8FE4 /* QuestionsMenuViewController.swift */ = {isa = PBXFileReference; lastKnownFileType = sourcecode.swift; path = QuestionsMenuViewController.swift; sourceTree = "<group>"; };
		92133B7825080F9B008A8FE4 /* QuesstionYearTableViewCell.swift */ = {isa = PBXFileReference; lastKnownFileType = sourcecode.swift; path = QuesstionYearTableViewCell.swift; sourceTree = "<group>"; };
		92133B7A2509674B008A8FE4 /* QuestionsExamTableViewCell.swift */ = {isa = PBXFileReference; lastKnownFileType = sourcecode.swift; path = QuestionsExamTableViewCell.swift; sourceTree = "<group>"; };
		92133B7C2509676E008A8FE4 /* QuestionsSubjectTableViewCell.swift */ = {isa = PBXFileReference; lastKnownFileType = sourcecode.swift; path = QuestionsSubjectTableViewCell.swift; sourceTree = "<group>"; };
		9229A68A2441788600E86DA5 /* CSVUploaderViewController.swift */ = {isa = PBXFileReference; lastKnownFileType = sourcecode.swift; path = CSVUploaderViewController.swift; sourceTree = "<group>"; };
		9237456B24BBAA6200A4A270 /* TabBarVC.swift */ = {isa = PBXFileReference; lastKnownFileType = sourcecode.swift; path = TabBarVC.swift; sourceTree = "<group>"; };
		92609D1624DE5216007E7B42 /* TestStartTableViewCell.swift */ = {isa = PBXFileReference; lastKnownFileType = sourcecode.swift; path = TestStartTableViewCell.swift; sourceTree = "<group>"; };
		92609D1824DF771D007E7B42 /* TestExamTableViewCell.swift */ = {isa = PBXFileReference; lastKnownFileType = sourcecode.swift; path = TestExamTableViewCell.swift; sourceTree = "<group>"; };
		9263096624AE7F9E00E46509 /* Utilities.swift */ = {isa = PBXFileReference; lastKnownFileType = sourcecode.swift; name = Utilities.swift; path = ../Model/Utilities.swift; sourceTree = "<group>"; };
		92688F5A2507451700405317 /* HelpViewController.swift */ = {isa = PBXFileReference; lastKnownFileType = sourcecode.swift; path = HelpViewController.swift; sourceTree = "<group>"; };
		92688F5E25088BD100405317 /* Questions1ViewController.swift */ = {isa = PBXFileReference; lastKnownFileType = sourcecode.swift; path = Questions1ViewController.swift; sourceTree = "<group>"; };
		926D7527249FD71C00F4EBEE /* LogInViewController.swift */ = {isa = PBXFileReference; lastKnownFileType = sourcecode.swift; path = LogInViewController.swift; sourceTree = "<group>"; };
		926D7529249FDBB400F4EBEE /* AccountCheckViewController.swift */ = {isa = PBXFileReference; lastKnownFileType = sourcecode.swift; path = AccountCheckViewController.swift; sourceTree = "<group>"; };
		92728E5724DE15490048CB95 /* TestMenuViewController.swift */ = {isa = PBXFileReference; lastKnownFileType = sourcecode.swift; path = TestMenuViewController.swift; sourceTree = "<group>"; };
		92769C232501E37000261A54 /* Grade.swift */ = {isa = PBXFileReference; lastKnownFileType = sourcecode.swift; path = Grade.swift; sourceTree = "<group>"; };
		92769C252504953E00261A54 /* ExamTableViewCell.swift */ = {isa = PBXFileReference; lastKnownFileType = sourcecode.swift; path = ExamTableViewCell.swift; sourceTree = "<group>"; };
		92A77F1524DF9CF900C63A1D /* TestSubjectTableViewCell.swift */ = {isa = PBXFileReference; lastKnownFileType = sourcecode.swift; path = TestSubjectTableViewCell.swift; sourceTree = "<group>"; };
		92A77F1724DF9D7E00C63A1D /* TestYearTableViewCell.swift */ = {isa = PBXFileReference; lastKnownFileType = sourcecode.swift; path = TestYearTableViewCell.swift; sourceTree = "<group>"; };
		92A77F1B24E76E1C00C63A1D /* TestQuestionTableViewCell.swift */ = {isa = PBXFileReference; lastKnownFileType = sourcecode.swift; path = TestQuestionTableViewCell.swift; sourceTree = "<group>"; };
		92A77F1D24E76E4100C63A1D /* TestOptionTableViewCell.swift */ = {isa = PBXFileReference; lastKnownFileType = sourcecode.swift; path = TestOptionTableViewCell.swift; sourceTree = "<group>"; };
		92A77F1F24E76E9D00C63A1D /* TestPrevNextTableViewCell.swift */ = {isa = PBXFileReference; lastKnownFileType = sourcecode.swift; path = TestPrevNextTableViewCell.swift; sourceTree = "<group>"; };
		92A77F2124E7719000C63A1D /* Test.swift */ = {isa = PBXFileReference; lastKnownFileType = sourcecode.swift; path = Test.swift; sourceTree = "<group>"; };
		92C7EF94249F13BA00E2BFA4 /* DesignableView.swift */ = {isa = PBXFileReference; fileEncoding = 4; lastKnownFileType = sourcecode.swift; path = DesignableView.swift; sourceTree = "<group>"; };
		92C7EF95249F13BB00E2BFA4 /* DesignableButton.swift */ = {isa = PBXFileReference; fileEncoding = 4; lastKnownFileType = sourcecode.swift; path = DesignableButton.swift; sourceTree = "<group>"; };
		92C8132124E4DC600095C8DB /* TestViewController.swift */ = {isa = PBXFileReference; lastKnownFileType = sourcecode.swift; path = TestViewController.swift; sourceTree = "<group>"; };
		92CFCBF824A1538D00912CC1 /* ScaleSegue.swift */ = {isa = PBXFileReference; lastKnownFileType = sourcecode.swift; path = ScaleSegue.swift; sourceTree = "<group>"; };
		92CFCBFA24A17BAB00912CC1 /* RegisterViewController.swift */ = {isa = PBXFileReference; lastKnownFileType = sourcecode.swift; path = RegisterViewController.swift; sourceTree = "<group>"; };
		92CFCBFD24A2C03500912CC1 /* User.swift */ = {isa = PBXFileReference; lastKnownFileType = sourcecode.swift; path = User.swift; sourceTree = "<group>"; };
		92E57AF0246A0A3300BC4C90 /* Question.swift */ = {isa = PBXFileReference; lastKnownFileType = sourcecode.swift; path = Question.swift; sourceTree = "<group>"; };
		92E57AF2246A3EF600BC4C90 /* SelectionTableViewCell.swift */ = {isa = PBXFileReference; lastKnownFileType = sourcecode.swift; path = SelectionTableViewCell.swift; sourceTree = "<group>"; };
		92F0564824953417009B3900 /* QuestionTableViewCell.swift */ = {isa = PBXFileReference; lastKnownFileType = sourcecode.swift; path = QuestionTableViewCell.swift; sourceTree = "<group>"; };
		D64BEAA74702C39D3B1D0C29 /* Pods_Pasco_PascoUITests.framework */ = {isa = PBXFileReference; explicitFileType = wrapper.framework; includeInIndex = 0; path = Pods_Pasco_PascoUITests.framework; sourceTree = BUILT_PRODUCTS_DIR; };
		E9DCA5CB36BD0BB1161AA4E7 /* Pods-Pasco.release.xcconfig */ = {isa = PBXFileReference; includeInIndex = 1; lastKnownFileType = text.xcconfig; name = "Pods-Pasco.release.xcconfig"; path = "Target Support Files/Pods-Pasco/Pods-Pasco.release.xcconfig"; sourceTree = "<group>"; };
/* End PBXFileReference section */

/* Begin PBXFrameworksBuildPhase section */
		9210F8BF2415DD3200682574 /* Frameworks */ = {
			isa = PBXFrameworksBuildPhase;
			buildActionMask = 2147483647;
			files = (
				1729B68425A55C4D03534343 /* Pods_Pasco.framework in Frameworks */,
			);
			runOnlyForDeploymentPostprocessing = 0;
		};
		9210F8D82415DD3300682574 /* Frameworks */ = {
			isa = PBXFrameworksBuildPhase;
			buildActionMask = 2147483647;
			files = (
				5DA59B0F53AEB528910703F2 /* Pods_PascoTests.framework in Frameworks */,
			);
			runOnlyForDeploymentPostprocessing = 0;
		};
		9210F8E32415DD3300682574 /* Frameworks */ = {
			isa = PBXFrameworksBuildPhase;
			buildActionMask = 2147483647;
			files = (
				1194BB124117344A894E07E2 /* Pods_Pasco_PascoUITests.framework in Frameworks */,
			);
			runOnlyForDeploymentPostprocessing = 0;
		};
/* End PBXFrameworksBuildPhase section */

/* Begin PBXGroup section */
		9210F8B92415DD3200682574 = {
			isa = PBXGroup;
			children = (
				9210F8C42415DD3200682574 /* Pasco */,
				9210F8DE2415DD3300682574 /* PascoTests */,
				9210F8E92415DD3300682574 /* PascoUITests */,
				9210F8C32415DD3200682574 /* Products */,
				EDB54BBB1E376A07970BE78A /* Pods */,
				B7394B97636BA233D4403EC6 /* Frameworks */,
			);
			sourceTree = "<group>";
		};
		9210F8C32415DD3200682574 /* Products */ = {
			isa = PBXGroup;
			children = (
				9210F8C22415DD3200682574 /* Pasco.app */,
				9210F8DB2415DD3300682574 /* PascoTests.xctest */,
				9210F8E62415DD3300682574 /* PascoUITests.xctest */,
			);
			name = Products;
			sourceTree = "<group>";
		};
		9210F8C42415DD3200682574 /* Pasco */ = {
			isa = PBXGroup;
			children = (
				9210F8CB2415DD3200682574 /* Main.storyboard */,
				9210BA6D2440276500F92204 /* notes_Pasco.txt */,
				9237456B24BBAA6200A4A270 /* TabBarVC.swift */,
				92F0564A249535E5009B3900 /* Question */,
				92728E5424DE042B0048CB95 /* Test */,
				92C7EF93249EFBCB00E2BFA4 /* Account */,
				92CFCBFC24A2BFF000912CC1 /* Model */,
				92F4355C24AC328C00953157 /* Utils */,
				9229A68E244179BC00E86DA5 /* CSV */,
				9263096E24B3E7CE00E46509 /* Designs */,
				9210F8C52415DD3200682574 /* AppDelegate.swift */,
				9210F8C72415DD3200682574 /* SceneDelegate.swift */,
				9210F8D12415DD3300682574 /* Assets.xcassets */,
				9210F8D32415DD3300682574 /* LaunchScreen.storyboard */,
				9210F8D62415DD3300682574 /* Info.plist */,
				9210F8CE2415DD3200682574 /* Pasco.xcdatamodeld */,
				9210F8F82415E30D00682574 /* GoogleService-Info.plist */,
			);
			path = Pasco;
			sourceTree = "<group>";
		};
		9210F8DE2415DD3300682574 /* PascoTests */ = {
			isa = PBXGroup;
			children = (
				9210F8DF2415DD3300682574 /* PascoTests.swift */,
				9210F8E12415DD3300682574 /* Info.plist */,
			);
			path = PascoTests;
			sourceTree = "<group>";
		};
		9210F8E92415DD3300682574 /* PascoUITests */ = {
			isa = PBXGroup;
			children = (
				9210F8EA2415DD3300682574 /* PascoUITests.swift */,
				9210F8EC2415DD3300682574 /* Info.plist */,
			);
			path = PascoUITests;
			sourceTree = "<group>";
		};
		92133B6E2502C020008A8FE4 /* Grades */ = {
			isa = PBXGroup;
			children = (
				92133B6F2502C03C008A8FE4 /* GradesViewController.swift */,
				92769C252504953E00261A54 /* ExamTableViewCell.swift */,
			);
			path = Grades;
			sourceTree = "<group>";
		};
		92133B712508086B008A8FE4 /* Menu */ = {
			isa = PBXGroup;
			children = (
				92133B7225080890008A8FE4 /* QuestionsMenuViewController.swift */,
				92133B7A2509674B008A8FE4 /* QuestionsExamTableViewCell.swift */,
				92133B7C2509676E008A8FE4 /* QuestionsSubjectTableViewCell.swift */,
				92133B7825080F9B008A8FE4 /* QuesstionYearTableViewCell.swift */,
			);
			path = Menu;
			sourceTree = "<group>";
		};
		92133B7E250967F8008A8FE4 /* Questions */ = {
			isa = PBXGroup;
			children = (
				9210BA6F24402FC000F92204 /* QuestionsViewController.swift */,
				92688F5E25088BD100405317 /* Questions1ViewController.swift */,
				92F0564824953417009B3900 /* QuestionTableViewCell.swift */,
				92E57AF2246A3EF600BC4C90 /* SelectionTableViewCell.swift */,
			);
			path = Questions;
			sourceTree = "<group>";
		};
		9229A68E244179BC00E86DA5 /* CSV */ = {
			isa = PBXGroup;
			children = (
				9229A68A2441788600E86DA5 /* CSVUploaderViewController.swift */,
			);
			path = CSV;
			sourceTree = "<group>";
		};
		9263096E24B3E7CE00E46509 /* Designs */ = {
			isa = PBXGroup;
			children = (
				92C7EF95249F13BB00E2BFA4 /* DesignableButton.swift */,
				92C7EF94249F13BA00E2BFA4 /* DesignableView.swift */,
				92CFCBF824A1538D00912CC1 /* ScaleSegue.swift */,
			);
			path = Designs;
			sourceTree = "<group>";
		};
		92688F59250744EE00405317 /* Help */ = {
			isa = PBXGroup;
			children = (
				92688F5A2507451700405317 /* HelpViewController.swift */,
			);
			path = Help;
			sourceTree = "<group>";
		};
		92728E5424DE042B0048CB95 /* Test */ = {
			isa = PBXGroup;
			children = (
				92A77F1924E76B1F00C63A1D /* Menu */,
				92A77F1A24E76B3500C63A1D /* Exam */,
				92A77F2124E7719000C63A1D /* Test.swift */,
			);
			path = Test;
			sourceTree = "<group>";
		};
		92A77F1924E76B1F00C63A1D /* Menu */ = {
			isa = PBXGroup;
			children = (
				92728E5724DE15490048CB95 /* TestMenuViewController.swift */,
				92609D1824DF771D007E7B42 /* TestExamTableViewCell.swift */,
				92A77F1524DF9CF900C63A1D /* TestSubjectTableViewCell.swift */,
				92A77F1724DF9D7E00C63A1D /* TestYearTableViewCell.swift */,
				92609D1624DE5216007E7B42 /* TestStartTableViewCell.swift */,
			);
			path = Menu;
			sourceTree = "<group>";
		};
		92A77F1A24E76B3500C63A1D /* Exam */ = {
			isa = PBXGroup;
			children = (
				92C8132124E4DC600095C8DB /* TestViewController.swift */,
				92A77F1B24E76E1C00C63A1D /* TestQuestionTableViewCell.swift */,
				92A77F1D24E76E4100C63A1D /* TestOptionTableViewCell.swift */,
				92A77F1F24E76E9D00C63A1D /* TestPrevNextTableViewCell.swift */,
			);
			path = Exam;
			sourceTree = "<group>";
		};
		92C7EF93249EFBCB00E2BFA4 /* Account */ = {
			isa = PBXGroup;
			children = (
				926D7529249FDBB400F4EBEE /* AccountCheckViewController.swift */,
				9210BA732440301F00F92204 /* AccountViewController.swift */,
				926D7527249FD71C00F4EBEE /* LogInViewController.swift */,
				92CFCBFA24A17BAB00912CC1 /* RegisterViewController.swift */,
				92133B6E2502C020008A8FE4 /* Grades */,
				92688F59250744EE00405317 /* Help */,
			);
			path = Account;
			sourceTree = "<group>";
		};
		92CFCBFC24A2BFF000912CC1 /* Model */ = {
			isa = PBXGroup;
			children = (
				92E57AF0246A0A3300BC4C90 /* Question.swift */,
				92CFCBFD24A2C03500912CC1 /* User.swift */,
				92769C232501E37000261A54 /* Grade.swift */,
			);
			path = Model;
			sourceTree = "<group>";
		};
		92F0564A249535E5009B3900 /* Question */ = {
			isa = PBXGroup;
			children = (
				92133B712508086B008A8FE4 /* Menu */,
				92133B7E250967F8008A8FE4 /* Questions */,
			);
			path = Question;
			sourceTree = "<group>";
		};
		92F4355C24AC328C00953157 /* Utils */ = {
			isa = PBXGroup;
			children = (
				9263096624AE7F9E00E46509 /* Utilities.swift */,
				9210BA7724403C7200F92204 /* Constants.swift */,
				92133B6C25017C8A008A8FE4 /* Extensions.swift */,
			);
			path = Utils;
			sourceTree = "<group>";
		};
		B7394B97636BA233D4403EC6 /* Frameworks */ = {
			isa = PBXGroup;
			children = (
				2AAF99A3456B7CD6FC9DBA82 /* Pods_Pasco.framework */,
				D64BEAA74702C39D3B1D0C29 /* Pods_Pasco_PascoUITests.framework */,
				80CCF113ED35AA5982C89907 /* Pods_PascoTests.framework */,
			);
			name = Frameworks;
			sourceTree = "<group>";
		};
		EDB54BBB1E376A07970BE78A /* Pods */ = {
			isa = PBXGroup;
			children = (
				5101567EE0DFA09BE78517CF /* Pods-Pasco.debug.xcconfig */,
				E9DCA5CB36BD0BB1161AA4E7 /* Pods-Pasco.release.xcconfig */,
				215CA81E1A687047DC1802F7 /* Pods-Pasco-PascoUITests.debug.xcconfig */,
				4DDCEED1434DA0789F8AE35C /* Pods-Pasco-PascoUITests.release.xcconfig */,
				8F59F48459994B61602CCE79 /* Pods-PascoTests.debug.xcconfig */,
				2B418731F50ACCE489603F70 /* Pods-PascoTests.release.xcconfig */,
			);
			path = Pods;
			sourceTree = "<group>";
		};
/* End PBXGroup section */

/* Begin PBXNativeTarget section */
		9210F8C12415DD3200682574 /* Pasco */ = {
			isa = PBXNativeTarget;
			buildConfigurationList = 9210F8EF2415DD3300682574 /* Build configuration list for PBXNativeTarget "Pasco" */;
			buildPhases = (
				8D4CC841FCB88EBA55834829 /* [CP] Check Pods Manifest.lock */,
				9210F8BE2415DD3200682574 /* Sources */,
				9210F8BF2415DD3200682574 /* Frameworks */,
				9210F8C02415DD3200682574 /* Resources */,
				91B87BFE124F38B5557F85A6 /* [CP] Embed Pods Frameworks */,
			);
			buildRules = (
			);
			dependencies = (
			);
			name = Pasco;
			productName = Pasco;
			productReference = 9210F8C22415DD3200682574 /* Pasco.app */;
			productType = "com.apple.product-type.application";
		};
		9210F8DA2415DD3300682574 /* PascoTests */ = {
			isa = PBXNativeTarget;
			buildConfigurationList = 9210F8F22415DD3300682574 /* Build configuration list for PBXNativeTarget "PascoTests" */;
			buildPhases = (
				28EA4A533A3254E98EE4A747 /* [CP] Check Pods Manifest.lock */,
				9210F8D72415DD3300682574 /* Sources */,
				9210F8D82415DD3300682574 /* Frameworks */,
				9210F8D92415DD3300682574 /* Resources */,
			);
			buildRules = (
			);
			dependencies = (
				9210F8DD2415DD3300682574 /* PBXTargetDependency */,
			);
			name = PascoTests;
			productName = PascoTests;
			productReference = 9210F8DB2415DD3300682574 /* PascoTests.xctest */;
			productType = "com.apple.product-type.bundle.unit-test";
		};
		9210F8E52415DD3300682574 /* PascoUITests */ = {
			isa = PBXNativeTarget;
			buildConfigurationList = 9210F8F52415DD3300682574 /* Build configuration list for PBXNativeTarget "PascoUITests" */;
			buildPhases = (
				428150A71B027D6BAFF47715 /* [CP] Check Pods Manifest.lock */,
				9210F8E22415DD3300682574 /* Sources */,
				9210F8E32415DD3300682574 /* Frameworks */,
				9210F8E42415DD3300682574 /* Resources */,
				589144B56B95B9BB9834F912 /* [CP] Embed Pods Frameworks */,
			);
			buildRules = (
			);
			dependencies = (
				9210F8E82415DD3300682574 /* PBXTargetDependency */,
			);
			name = PascoUITests;
			productName = PascoUITests;
			productReference = 9210F8E62415DD3300682574 /* PascoUITests.xctest */;
			productType = "com.apple.product-type.bundle.ui-testing";
		};
/* End PBXNativeTarget section */

/* Begin PBXProject section */
		9210F8BA2415DD3200682574 /* Project object */ = {
			isa = PBXProject;
			attributes = {
				LastSwiftUpdateCheck = 1130;
				LastUpgradeCheck = 1130;
				ORGANIZATIONNAME = GhanaWare;
				TargetAttributes = {
					9210F8C12415DD3200682574 = {
						CreatedOnToolsVersion = 11.3.1;
					};
					9210F8DA2415DD3300682574 = {
						CreatedOnToolsVersion = 11.3.1;
						TestTargetID = 9210F8C12415DD3200682574;
					};
					9210F8E52415DD3300682574 = {
						CreatedOnToolsVersion = 11.3.1;
						TestTargetID = 9210F8C12415DD3200682574;
					};
				};
			};
			buildConfigurationList = 9210F8BD2415DD3200682574 /* Build configuration list for PBXProject "Pasco" */;
			compatibilityVersion = "Xcode 9.3";
			developmentRegion = en;
			hasScannedForEncodings = 0;
			knownRegions = (
				en,
				Base,
			);
			mainGroup = 9210F8B92415DD3200682574;
			productRefGroup = 9210F8C32415DD3200682574 /* Products */;
			projectDirPath = "";
			projectRoot = "";
			targets = (
				9210F8C12415DD3200682574 /* Pasco */,
				9210F8DA2415DD3300682574 /* PascoTests */,
				9210F8E52415DD3300682574 /* PascoUITests */,
			);
		};
/* End PBXProject section */

/* Begin PBXResourcesBuildPhase section */
		9210F8C02415DD3200682574 /* Resources */ = {
			isa = PBXResourcesBuildPhase;
			buildActionMask = 2147483647;
			files = (
				9210F8D52415DD3300682574 /* LaunchScreen.storyboard in Resources */,
				9210BA6E2440276500F92204 /* notes_Pasco.txt in Resources */,
				9210F8F92415E30D00682574 /* GoogleService-Info.plist in Resources */,
				9210F8D22415DD3300682574 /* Assets.xcassets in Resources */,
				9210F8CD2415DD3200682574 /* Main.storyboard in Resources */,
			);
			runOnlyForDeploymentPostprocessing = 0;
		};
		9210F8D92415DD3300682574 /* Resources */ = {
			isa = PBXResourcesBuildPhase;
			buildActionMask = 2147483647;
			files = (
			);
			runOnlyForDeploymentPostprocessing = 0;
		};
		9210F8E42415DD3300682574 /* Resources */ = {
			isa = PBXResourcesBuildPhase;
			buildActionMask = 2147483647;
			files = (
			);
			runOnlyForDeploymentPostprocessing = 0;
		};
/* End PBXResourcesBuildPhase section */

/* Begin PBXShellScriptBuildPhase section */
		28EA4A533A3254E98EE4A747 /* [CP] Check Pods Manifest.lock */ = {
			isa = PBXShellScriptBuildPhase;
			buildActionMask = 2147483647;
			files = (
			);
			inputFileListPaths = (
			);
			inputPaths = (
				"${PODS_PODFILE_DIR_PATH}/Podfile.lock",
				"${PODS_ROOT}/Manifest.lock",
			);
			name = "[CP] Check Pods Manifest.lock";
			outputFileListPaths = (
			);
			outputPaths = (
				"$(DERIVED_FILE_DIR)/Pods-PascoTests-checkManifestLockResult.txt",
			);
			runOnlyForDeploymentPostprocessing = 0;
			shellPath = /bin/sh;
			shellScript = "diff \"${PODS_PODFILE_DIR_PATH}/Podfile.lock\" \"${PODS_ROOT}/Manifest.lock\" > /dev/null\nif [ $? != 0 ] ; then\n    # print error to STDERR\n    echo \"error: The sandbox is not in sync with the Podfile.lock. Run 'pod install' or update your CocoaPods installation.\" >&2\n    exit 1\nfi\n# This output is used by Xcode 'outputs' to avoid re-running this script phase.\necho \"SUCCESS\" > \"${SCRIPT_OUTPUT_FILE_0}\"\n";
			showEnvVarsInLog = 0;
		};
		428150A71B027D6BAFF47715 /* [CP] Check Pods Manifest.lock */ = {
			isa = PBXShellScriptBuildPhase;
			buildActionMask = 2147483647;
			files = (
			);
			inputFileListPaths = (
			);
			inputPaths = (
				"${PODS_PODFILE_DIR_PATH}/Podfile.lock",
				"${PODS_ROOT}/Manifest.lock",
			);
			name = "[CP] Check Pods Manifest.lock";
			outputFileListPaths = (
			);
			outputPaths = (
				"$(DERIVED_FILE_DIR)/Pods-Pasco-PascoUITests-checkManifestLockResult.txt",
			);
			runOnlyForDeploymentPostprocessing = 0;
			shellPath = /bin/sh;
			shellScript = "diff \"${PODS_PODFILE_DIR_PATH}/Podfile.lock\" \"${PODS_ROOT}/Manifest.lock\" > /dev/null\nif [ $? != 0 ] ; then\n    # print error to STDERR\n    echo \"error: The sandbox is not in sync with the Podfile.lock. Run 'pod install' or update your CocoaPods installation.\" >&2\n    exit 1\nfi\n# This output is used by Xcode 'outputs' to avoid re-running this script phase.\necho \"SUCCESS\" > \"${SCRIPT_OUTPUT_FILE_0}\"\n";
			showEnvVarsInLog = 0;
		};
		589144B56B95B9BB9834F912 /* [CP] Embed Pods Frameworks */ = {
			isa = PBXShellScriptBuildPhase;
			buildActionMask = 2147483647;
			files = (
			);
			inputFileListPaths = (
				"${PODS_ROOT}/Target Support Files/Pods-Pasco-PascoUITests/Pods-Pasco-PascoUITests-frameworks-${CONFIGURATION}-input-files.xcfilelist",
			);
			name = "[CP] Embed Pods Frameworks";
			outputFileListPaths = (
				"${PODS_ROOT}/Target Support Files/Pods-Pasco-PascoUITests/Pods-Pasco-PascoUITests-frameworks-${CONFIGURATION}-output-files.xcfilelist",
			);
			runOnlyForDeploymentPostprocessing = 0;
			shellPath = /bin/sh;
			shellScript = "\"${PODS_ROOT}/Target Support Files/Pods-Pasco-PascoUITests/Pods-Pasco-PascoUITests-frameworks.sh\"\n";
			showEnvVarsInLog = 0;
		};
		8D4CC841FCB88EBA55834829 /* [CP] Check Pods Manifest.lock */ = {
			isa = PBXShellScriptBuildPhase;
			buildActionMask = 2147483647;
			files = (
			);
			inputFileListPaths = (
			);
			inputPaths = (
				"${PODS_PODFILE_DIR_PATH}/Podfile.lock",
				"${PODS_ROOT}/Manifest.lock",
			);
			name = "[CP] Check Pods Manifest.lock";
			outputFileListPaths = (
			);
			outputPaths = (
				"$(DERIVED_FILE_DIR)/Pods-Pasco-checkManifestLockResult.txt",
			);
			runOnlyForDeploymentPostprocessing = 0;
			shellPath = /bin/sh;
			shellScript = "diff \"${PODS_PODFILE_DIR_PATH}/Podfile.lock\" \"${PODS_ROOT}/Manifest.lock\" > /dev/null\nif [ $? != 0 ] ; then\n    # print error to STDERR\n    echo \"error: The sandbox is not in sync with the Podfile.lock. Run 'pod install' or update your CocoaPods installation.\" >&2\n    exit 1\nfi\n# This output is used by Xcode 'outputs' to avoid re-running this script phase.\necho \"SUCCESS\" > \"${SCRIPT_OUTPUT_FILE_0}\"\n";
			showEnvVarsInLog = 0;
		};
		91B87BFE124F38B5557F85A6 /* [CP] Embed Pods Frameworks */ = {
			isa = PBXShellScriptBuildPhase;
			buildActionMask = 2147483647;
			files = (
			);
			inputFileListPaths = (
				"${PODS_ROOT}/Target Support Files/Pods-Pasco/Pods-Pasco-frameworks-${CONFIGURATION}-input-files.xcfilelist",
			);
			name = "[CP] Embed Pods Frameworks";
			outputFileListPaths = (
				"${PODS_ROOT}/Target Support Files/Pods-Pasco/Pods-Pasco-frameworks-${CONFIGURATION}-output-files.xcfilelist",
			);
			runOnlyForDeploymentPostprocessing = 0;
			shellPath = /bin/sh;
			shellScript = "\"${PODS_ROOT}/Target Support Files/Pods-Pasco/Pods-Pasco-frameworks.sh\"\n";
			showEnvVarsInLog = 0;
		};
/* End PBXShellScriptBuildPhase section */

/* Begin PBXSourcesBuildPhase section */
		9210F8BE2415DD3200682574 /* Sources */ = {
			isa = PBXSourcesBuildPhase;
			buildActionMask = 2147483647;
			files = (
				92133B7925080F9C008A8FE4 /* QuesstionYearTableViewCell.swift in Sources */,
				92133B7325080890008A8FE4 /* QuestionsMenuViewController.swift in Sources */,
				92609D1724DE5216007E7B42 /* TestStartTableViewCell.swift in Sources */,
				9229A68B2441788600E86DA5 /* CSVUploaderViewController.swift in Sources */,
				92C7EF96249F13BB00E2BFA4 /* DesignableView.swift in Sources */,
				92E57AF3246A3EF600BC4C90 /* SelectionTableViewCell.swift in Sources */,
				9210F8D02415DD3200682574 /* Pasco.xcdatamodeld in Sources */,
				9210BA742440301F00F92204 /* AccountViewController.swift in Sources */,
				92E57AF1246A0A3300BC4C90 /* Question.swift in Sources */,
				92A77F1E24E76E4100C63A1D /* TestOptionTableViewCell.swift in Sources */,
				92769C242501E37000261A54 /* Grade.swift in Sources */,
				92769C262504953E00261A54 /* ExamTableViewCell.swift in Sources */,
				92133B7B2509674B008A8FE4 /* QuestionsExamTableViewCell.swift in Sources */,
				92A77F1624DF9CF900C63A1D /* TestSubjectTableViewCell.swift in Sources */,
				926D7528249FD71C00F4EBEE /* LogInViewController.swift in Sources */,
				92CFCBFB24A17BAB00912CC1 /* RegisterViewController.swift in Sources */,
				92688F5B2507451700405317 /* HelpViewController.swift in Sources */,
				9210F8C62415DD3200682574 /* AppDelegate.swift in Sources */,
				92A77F1C24E76E1C00C63A1D /* TestQuestionTableViewCell.swift in Sources */,
				926D752A249FDBB400F4EBEE /* AccountCheckViewController.swift in Sources */,
				92133B7D2509676E008A8FE4 /* QuestionsSubjectTableViewCell.swift in Sources */,
				92A77F1824DF9D7E00C63A1D /* TestYearTableViewCell.swift in Sources */,
				92A77F2224E7719000C63A1D /* Test.swift in Sources */,
				92C7EF97249F13BC00E2BFA4 /* DesignableButton.swift in Sources */,
				9210BA7024402FC000F92204 /* QuestionsViewController.swift in Sources */,
				92133B6D25017C8A008A8FE4 /* Extensions.swift in Sources */,
				92133B702502C03C008A8FE4 /* GradesViewController.swift in Sources */,
				92C8132224E4DC600095C8DB /* TestViewController.swift in Sources */,
				92F0564924953417009B3900 /* QuestionTableViewCell.swift in Sources */,
				92CFCBF924A1538D00912CC1 /* ScaleSegue.swift in Sources */,
				92609D1924DF771D007E7B42 /* TestExamTableViewCell.swift in Sources */,
				9210F8C82415DD3200682574 /* SceneDelegate.swift in Sources */,
				9237456C24BBAA6200A4A270 /* TabBarVC.swift in Sources */,
				9210BA7824403C7200F92204 /* Constants.swift in Sources */,
				92728E5824DE15490048CB95 /* TestMenuViewController.swift in Sources */,
				92A77F2024E76E9D00C63A1D /* TestPrevNextTableViewCell.swift in Sources */,
				9263096724AE7F9E00E46509 /* Utilities.swift in Sources */,
				92CFCBFE24A2C03500912CC1 /* User.swift in Sources */,
				92688F5F25088BD100405317 /* Questions1ViewController.swift in Sources */,
			);
			runOnlyForDeploymentPostprocessing = 0;
		};
		9210F8D72415DD3300682574 /* Sources */ = {
			isa = PBXSourcesBuildPhase;
			buildActionMask = 2147483647;
			files = (
				9210F8E02415DD3300682574 /* PascoTests.swift in Sources */,
			);
			runOnlyForDeploymentPostprocessing = 0;
		};
		9210F8E22415DD3300682574 /* Sources */ = {
			isa = PBXSourcesBuildPhase;
			buildActionMask = 2147483647;
			files = (
				9210F8EB2415DD3300682574 /* PascoUITests.swift in Sources */,
			);
			runOnlyForDeploymentPostprocessing = 0;
		};
/* End PBXSourcesBuildPhase section */

/* Begin PBXTargetDependency section */
		9210F8DD2415DD3300682574 /* PBXTargetDependency */ = {
			isa = PBXTargetDependency;
			target = 9210F8C12415DD3200682574 /* Pasco */;
			targetProxy = 9210F8DC2415DD3300682574 /* PBXContainerItemProxy */;
		};
		9210F8E82415DD3300682574 /* PBXTargetDependency */ = {
			isa = PBXTargetDependency;
			target = 9210F8C12415DD3200682574 /* Pasco */;
			targetProxy = 9210F8E72415DD3300682574 /* PBXContainerItemProxy */;
		};
/* End PBXTargetDependency section */

/* Begin PBXVariantGroup section */
		9210F8CB2415DD3200682574 /* Main.storyboard */ = {
			isa = PBXVariantGroup;
			children = (
				9210F8CC2415DD3200682574 /* Base */,
			);
			name = Main.storyboard;
			sourceTree = "<group>";
		};
		9210F8D32415DD3300682574 /* LaunchScreen.storyboard */ = {
			isa = PBXVariantGroup;
			children = (
				9210F8D42415DD3300682574 /* Base */,
			);
			name = LaunchScreen.storyboard;
			sourceTree = "<group>";
		};
/* End PBXVariantGroup section */

/* Begin XCBuildConfiguration section */
		9210F8ED2415DD3300682574 /* Debug */ = {
			isa = XCBuildConfiguration;
			buildSettings = {
				ALWAYS_SEARCH_USER_PATHS = NO;
				CLANG_ANALYZER_NONNULL = YES;
				CLANG_ANALYZER_NUMBER_OBJECT_CONVERSION = YES_AGGRESSIVE;
				CLANG_CXX_LANGUAGE_STANDARD = "gnu++14";
				CLANG_CXX_LIBRARY = "libc++";
				CLANG_ENABLE_MODULES = YES;
				CLANG_ENABLE_OBJC_ARC = YES;
				CLANG_ENABLE_OBJC_WEAK = YES;
				CLANG_WARN_BLOCK_CAPTURE_AUTORELEASING = YES;
				CLANG_WARN_BOOL_CONVERSION = YES;
				CLANG_WARN_COMMA = YES;
				CLANG_WARN_CONSTANT_CONVERSION = YES;
				CLANG_WARN_DEPRECATED_OBJC_IMPLEMENTATIONS = YES;
				CLANG_WARN_DIRECT_OBJC_ISA_USAGE = YES_ERROR;
				CLANG_WARN_DOCUMENTATION_COMMENTS = YES;
				CLANG_WARN_EMPTY_BODY = YES;
				CLANG_WARN_ENUM_CONVERSION = YES;
				CLANG_WARN_INFINITE_RECURSION = YES;
				CLANG_WARN_INT_CONVERSION = YES;
				CLANG_WARN_NON_LITERAL_NULL_CONVERSION = YES;
				CLANG_WARN_OBJC_IMPLICIT_RETAIN_SELF = YES;
				CLANG_WARN_OBJC_LITERAL_CONVERSION = YES;
				CLANG_WARN_OBJC_ROOT_CLASS = YES_ERROR;
				CLANG_WARN_RANGE_LOOP_ANALYSIS = YES;
				CLANG_WARN_STRICT_PROTOTYPES = YES;
				CLANG_WARN_SUSPICIOUS_MOVE = YES;
				CLANG_WARN_UNGUARDED_AVAILABILITY = YES_AGGRESSIVE;
				CLANG_WARN_UNREACHABLE_CODE = YES;
				CLANG_WARN__DUPLICATE_METHOD_MATCH = YES;
				COPY_PHASE_STRIP = NO;
				DEBUG_INFORMATION_FORMAT = dwarf;
				ENABLE_STRICT_OBJC_MSGSEND = YES;
				ENABLE_TESTABILITY = YES;
				GCC_C_LANGUAGE_STANDARD = gnu11;
				GCC_DYNAMIC_NO_PIC = NO;
				GCC_NO_COMMON_BLOCKS = YES;
				GCC_OPTIMIZATION_LEVEL = 0;
				GCC_PREPROCESSOR_DEFINITIONS = (
					"DEBUG=1",
					"$(inherited)",
				);
				GCC_WARN_64_TO_32_BIT_CONVERSION = YES;
				GCC_WARN_ABOUT_RETURN_TYPE = YES_ERROR;
				GCC_WARN_UNDECLARED_SELECTOR = YES;
				GCC_WARN_UNINITIALIZED_AUTOS = YES_AGGRESSIVE;
				GCC_WARN_UNUSED_FUNCTION = YES;
				GCC_WARN_UNUSED_VARIABLE = YES;
				IPHONEOS_DEPLOYMENT_TARGET = 13.2;
				MTL_ENABLE_DEBUG_INFO = INCLUDE_SOURCE;
				MTL_FAST_MATH = YES;
				ONLY_ACTIVE_ARCH = YES;
				SDKROOT = iphoneos;
				SWIFT_ACTIVE_COMPILATION_CONDITIONS = DEBUG;
				SWIFT_OPTIMIZATION_LEVEL = "-Onone";
			};
			name = Debug;
		};
		9210F8EE2415DD3300682574 /* Release */ = {
			isa = XCBuildConfiguration;
			buildSettings = {
				ALWAYS_SEARCH_USER_PATHS = NO;
				CLANG_ANALYZER_NONNULL = YES;
				CLANG_ANALYZER_NUMBER_OBJECT_CONVERSION = YES_AGGRESSIVE;
				CLANG_CXX_LANGUAGE_STANDARD = "gnu++14";
				CLANG_CXX_LIBRARY = "libc++";
				CLANG_ENABLE_MODULES = YES;
				CLANG_ENABLE_OBJC_ARC = YES;
				CLANG_ENABLE_OBJC_WEAK = YES;
				CLANG_WARN_BLOCK_CAPTURE_AUTORELEASING = YES;
				CLANG_WARN_BOOL_CONVERSION = YES;
				CLANG_WARN_COMMA = YES;
				CLANG_WARN_CONSTANT_CONVERSION = YES;
				CLANG_WARN_DEPRECATED_OBJC_IMPLEMENTATIONS = YES;
				CLANG_WARN_DIRECT_OBJC_ISA_USAGE = YES_ERROR;
				CLANG_WARN_DOCUMENTATION_COMMENTS = YES;
				CLANG_WARN_EMPTY_BODY = YES;
				CLANG_WARN_ENUM_CONVERSION = YES;
				CLANG_WARN_INFINITE_RECURSION = YES;
				CLANG_WARN_INT_CONVERSION = YES;
				CLANG_WARN_NON_LITERAL_NULL_CONVERSION = YES;
				CLANG_WARN_OBJC_IMPLICIT_RETAIN_SELF = YES;
				CLANG_WARN_OBJC_LITERAL_CONVERSION = YES;
				CLANG_WARN_OBJC_ROOT_CLASS = YES_ERROR;
				CLANG_WARN_RANGE_LOOP_ANALYSIS = YES;
				CLANG_WARN_STRICT_PROTOTYPES = YES;
				CLANG_WARN_SUSPICIOUS_MOVE = YES;
				CLANG_WARN_UNGUARDED_AVAILABILITY = YES_AGGRESSIVE;
				CLANG_WARN_UNREACHABLE_CODE = YES;
				CLANG_WARN__DUPLICATE_METHOD_MATCH = YES;
				COPY_PHASE_STRIP = NO;
				DEBUG_INFORMATION_FORMAT = "dwarf-with-dsym";
				ENABLE_NS_ASSERTIONS = NO;
				ENABLE_STRICT_OBJC_MSGSEND = YES;
				GCC_C_LANGUAGE_STANDARD = gnu11;
				GCC_NO_COMMON_BLOCKS = YES;
				GCC_WARN_64_TO_32_BIT_CONVERSION = YES;
				GCC_WARN_ABOUT_RETURN_TYPE = YES_ERROR;
				GCC_WARN_UNDECLARED_SELECTOR = YES;
				GCC_WARN_UNINITIALIZED_AUTOS = YES_AGGRESSIVE;
				GCC_WARN_UNUSED_FUNCTION = YES;
				GCC_WARN_UNUSED_VARIABLE = YES;
				IPHONEOS_DEPLOYMENT_TARGET = 13.2;
				MTL_ENABLE_DEBUG_INFO = NO;
				MTL_FAST_MATH = YES;
				SDKROOT = iphoneos;
				SWIFT_COMPILATION_MODE = wholemodule;
				SWIFT_OPTIMIZATION_LEVEL = "-O";
				VALIDATE_PRODUCT = YES;
			};
			name = Release;
		};
		9210F8F02415DD3300682574 /* Debug */ = {
			isa = XCBuildConfiguration;
			baseConfigurationReference = 5101567EE0DFA09BE78517CF /* Pods-Pasco.debug.xcconfig */;
			buildSettings = {
				ASSETCATALOG_COMPILER_APPICON_NAME = "AppIcon-1";
				CODE_SIGN_STYLE = Automatic;
				DEVELOPMENT_TEAM = QB2T369883;
				INFOPLIST_FILE = Pasco/Info.plist;
				LD_RUNPATH_SEARCH_PATHS = (
					"$(inherited)",
					"@executable_path/Frameworks",
				);
				PRODUCT_BUNDLE_IDENTIFIER = com.GhanaWare.Pasco;
				PRODUCT_NAME = "$(TARGET_NAME)";
				SWIFT_VERSION = 5.0;
				TARGETED_DEVICE_FAMILY = "1,2";
			};
			name = Debug;
		};
		9210F8F12415DD3300682574 /* Release */ = {
			isa = XCBuildConfiguration;
			baseConfigurationReference = E9DCA5CB36BD0BB1161AA4E7 /* Pods-Pasco.release.xcconfig */;
			buildSettings = {
				ASSETCATALOG_COMPILER_APPICON_NAME = "AppIcon-1";
				CODE_SIGN_STYLE = Automatic;
				DEVELOPMENT_TEAM = QB2T369883;
				INFOPLIST_FILE = Pasco/Info.plist;
				LD_RUNPATH_SEARCH_PATHS = (
					"$(inherited)",
					"@executable_path/Frameworks",
				);
				PRODUCT_BUNDLE_IDENTIFIER = com.GhanaWare.Pasco;
				PRODUCT_NAME = "$(TARGET_NAME)";
				SWIFT_VERSION = 5.0;
				TARGETED_DEVICE_FAMILY = "1,2";
			};
			name = Release;
		};
		9210F8F32415DD3300682574 /* Debug */ = {
			isa = XCBuildConfiguration;
			baseConfigurationReference = 8F59F48459994B61602CCE79 /* Pods-PascoTests.debug.xcconfig */;
			buildSettings = {
				ALWAYS_EMBED_SWIFT_STANDARD_LIBRARIES = YES;
				BUNDLE_LOADER = "$(TEST_HOST)";
				CODE_SIGN_STYLE = Automatic;
				DEVELOPMENT_TEAM = QB2T369883;
				INFOPLIST_FILE = PascoTests/Info.plist;
				IPHONEOS_DEPLOYMENT_TARGET = 13.2;
				LD_RUNPATH_SEARCH_PATHS = (
					"$(inherited)",
					"@executable_path/Frameworks",
					"@loader_path/Frameworks",
				);
				PRODUCT_BUNDLE_IDENTIFIER = com.GhanaWare.PascoTests;
				PRODUCT_NAME = "$(TARGET_NAME)";
				SWIFT_VERSION = 5.0;
				TARGETED_DEVICE_FAMILY = "1,2";
				TEST_HOST = "$(BUILT_PRODUCTS_DIR)/Pasco.app/Pasco";
			};
			name = Debug;
		};
		9210F8F42415DD3300682574 /* Release */ = {
			isa = XCBuildConfiguration;
			baseConfigurationReference = 2B418731F50ACCE489603F70 /* Pods-PascoTests.release.xcconfig */;
			buildSettings = {
				ALWAYS_EMBED_SWIFT_STANDARD_LIBRARIES = YES;
				BUNDLE_LOADER = "$(TEST_HOST)";
				CODE_SIGN_STYLE = Automatic;
				DEVELOPMENT_TEAM = QB2T369883;
				INFOPLIST_FILE = PascoTests/Info.plist;
				IPHONEOS_DEPLOYMENT_TARGET = 13.2;
				LD_RUNPATH_SEARCH_PATHS = (
					"$(inherited)",
					"@executable_path/Frameworks",
					"@loader_path/Frameworks",
				);
				PRODUCT_BUNDLE_IDENTIFIER = com.GhanaWare.PascoTests;
				PRODUCT_NAME = "$(TARGET_NAME)";
				SWIFT_VERSION = 5.0;
				TARGETED_DEVICE_FAMILY = "1,2";
				TEST_HOST = "$(BUILT_PRODUCTS_DIR)/Pasco.app/Pasco";
			};
			name = Release;
		};
		9210F8F62415DD3300682574 /* Debug */ = {
			isa = XCBuildConfiguration;
			baseConfigurationReference = 215CA81E1A687047DC1802F7 /* Pods-Pasco-PascoUITests.debug.xcconfig */;
			buildSettings = {
				ALWAYS_EMBED_SWIFT_STANDARD_LIBRARIES = YES;
				CODE_SIGN_STYLE = Automatic;
				DEVELOPMENT_TEAM = QB2T369883;
				INFOPLIST_FILE = PascoUITests/Info.plist;
				LD_RUNPATH_SEARCH_PATHS = (
					"$(inherited)",
					"@executable_path/Frameworks",
					"@loader_path/Frameworks",
				);
				PRODUCT_BUNDLE_IDENTIFIER = com.GhanaWare.PascoUITests;
				PRODUCT_NAME = "$(TARGET_NAME)";
				SWIFT_VERSION = 5.0;
				TARGETED_DEVICE_FAMILY = "1,2";
				TEST_TARGET_NAME = Pasco;
			};
			name = Debug;
		};
		9210F8F72415DD3300682574 /* Release */ = {
			isa = XCBuildConfiguration;
			baseConfigurationReference = 4DDCEED1434DA0789F8AE35C /* Pods-Pasco-PascoUITests.release.xcconfig */;
			buildSettings = {
				ALWAYS_EMBED_SWIFT_STANDARD_LIBRARIES = YES;
				CODE_SIGN_STYLE = Automatic;
				DEVELOPMENT_TEAM = QB2T369883;
				INFOPLIST_FILE = PascoUITests/Info.plist;
				LD_RUNPATH_SEARCH_PATHS = (
					"$(inherited)",
					"@executable_path/Frameworks",
					"@loader_path/Frameworks",
				);
				PRODUCT_BUNDLE_IDENTIFIER = com.GhanaWare.PascoUITests;
				PRODUCT_NAME = "$(TARGET_NAME)";
				SWIFT_VERSION = 5.0;
				TARGETED_DEVICE_FAMILY = "1,2";
				TEST_TARGET_NAME = Pasco;
			};
			name = Release;
		};
/* End XCBuildConfiguration section */

/* Begin XCConfigurationList section */
		9210F8BD2415DD3200682574 /* Build configuration list for PBXProject "Pasco" */ = {
			isa = XCConfigurationList;
			buildConfigurations = (
				9210F8ED2415DD3300682574 /* Debug */,
				9210F8EE2415DD3300682574 /* Release */,
			);
			defaultConfigurationIsVisible = 0;
			defaultConfigurationName = Release;
		};
		9210F8EF2415DD3300682574 /* Build configuration list for PBXNativeTarget "Pasco" */ = {
			isa = XCConfigurationList;
			buildConfigurations = (
				9210F8F02415DD3300682574 /* Debug */,
				9210F8F12415DD3300682574 /* Release */,
			);
			defaultConfigurationIsVisible = 0;
			defaultConfigurationName = Release;
		};
		9210F8F22415DD3300682574 /* Build configuration list for PBXNativeTarget "PascoTests" */ = {
			isa = XCConfigurationList;
			buildConfigurations = (
				9210F8F32415DD3300682574 /* Debug */,
				9210F8F42415DD3300682574 /* Release */,
			);
			defaultConfigurationIsVisible = 0;
			defaultConfigurationName = Release;
		};
		9210F8F52415DD3300682574 /* Build configuration list for PBXNativeTarget "PascoUITests" */ = {
			isa = XCConfigurationList;
			buildConfigurations = (
				9210F8F62415DD3300682574 /* Debug */,
				9210F8F72415DD3300682574 /* Release */,
			);
			defaultConfigurationIsVisible = 0;
			defaultConfigurationName = Release;
		};
/* End XCConfigurationList section */

/* Begin XCVersionGroup section */
		9210F8CE2415DD3200682574 /* Pasco.xcdatamodeld */ = {
			isa = XCVersionGroup;
			children = (
				9210F8CF2415DD3200682574 /* Pasco.xcdatamodel */,
			);
			currentVersion = 9210F8CF2415DD3200682574 /* Pasco.xcdatamodel */;
			path = Pasco.xcdatamodeld;
			sourceTree = "<group>";
			versionGroupType = wrapper.xcdatamodel;
		};
/* End XCVersionGroup section */
	};
	rootObject = 9210F8BA2415DD3200682574 /* Project object */;
}
